[ "ex_doc": {:git, "git://github.com/elixir-lang/ex_doc.git", "b503a6b37a142aeb527f3e29949287f398030d4b", []},
  "httpotion": {:git, "git://github.com/myfreeweb/httpotion.git", "448317eba0270e94fd6221d27a808a54a878c4c5", []},
  "ibrowse": {:git, "git://github.com/cmullaparthi/ibrowse.git", "bbad869ea595c594912cf71fbd622aa80577c8f6", []},
  "jsonex": {:git, "git://github.com/marcelog/jsonex.git", "746c8492d66e130ee74cb2d857f8458fe3a2c0e2", [{:tag, "2.0"}]},
  "jsx": {:git, "git://github.com/talentdeficit/jsx.git", "cb14b92a228e51f7bdcaa7eb17f035e4a5c0b47d", [{:tag, "v1.3.3"}]} ]
